
Microsoft Visual Studio Solution File, Format Version 12.00
# Visual Studio Version 17
VisualStudioVersion = 17.4.33205.214
MinimumVisualStudioVersion = 10.0.40219.1
Project("{9A19103F-16F7-4668-BE54-9A1E7A4F7556}") = "A_ICore", "ICore\A_ICore.csproj", "{6C42369A-5277-444F-801F-837D4893FDF9}"
EndProject
Project("{9A19103F-16F7-4668-BE54-9A1E7A4F7556}") = "EntityLayer", "EntityLayer\EntityLayer.csproj", "{FCFE9D64-EDFC-4E7F-AD74-39FAEC5587A0}"
EndProject
Project("{9A19103F-16F7-4668-BE54-9A1E7A4F7556}") = "DataAccessLayer", "DataAccessLayer\DataAccessLayer.csproj", "{1C6D719E-3026-4496-BB46-F8983722F18A}"
EndProject
Project("{9A19103F-16F7-4668-BE54-9A1E7A4F7556}") = "BusinessLayer", "BusinessLayer\BusinessLayer.csproj", "{3C292390-9DAF-4414-8F89-9AB4B2EBDEDD}"
EndProject
Project("{9A19103F-16F7-4668-BE54-9A1E7A4F7556}") = "CoreLayer", "CoreLayer\CoreLayer.csproj", "{7C92AC32-3F02-4F82-8919-7442EC2BC9D3}"
EndProject
Project("{FAE04EC0-301F-11D3-BF4B-00C04F79EFBC}") = "BlogApi", "BlogApi\BlogApi.csproj", "{3A608FED-941E-4625-847B-B033A6DE710C}"
EndProject
Global
	GlobalSection(SolutionConfigurationPlatforms) = preSolution
		Debug|Any CPU = Debug|Any CPU
		Release|Any CPU = Release|Any CPU
	EndGlobalSection
	GlobalSection(ProjectConfigurationPlatforms) = postSolution
		{6C42369A-5277-444F-801F-837D4893FDF9}.Debug|Any CPU.ActiveCfg = Debug|Any CPU
		{6C42369A-5277-444F-801F-837D4893FDF9}.Debug|Any CPU.Build.0 = Debug|Any CPU
		{6C42369A-5277-444F-801F-837D4893FDF9}.Release|Any CPU.ActiveCfg = Release|Any CPU
		{6C42369A-5277-444F-801F-837D4893FDF9}.Release|Any CPU.Build.0 = Release|Any CPU
		{FCFE9D64-EDFC-4E7F-AD74-39FAEC5587A0}.Debug|Any CPU.ActiveCfg = Debug|Any CPU
		{FCFE9D64-EDFC-4E7F-AD74-39FAEC5587A0}.Debug|Any CPU.Build.0 = Debug|Any CPU
		{FCFE9D64-EDFC-4E7F-AD74-39FAEC5587A0}.Release|Any CPU.ActiveCfg = Release|Any CPU
		{FCFE9D64-EDFC-4E7F-AD74-39FAEC5587A0}.Release|Any CPU.Build.0 = Release|Any CPU
		{1C6D719E-3026-4496-BB46-F8983722F18A}.Debug|Any CPU.ActiveCfg = Debug|Any CPU
		{1C6D719E-3026-4496-BB46-F8983722F18A}.Debug|Any CPU.Build.0 = Debug|Any CPU
		{1C6D719E-3026-4496-BB46-F8983722F18A}.Release|Any CPU.ActiveCfg = Release|Any CPU
		{1C6D719E-3026-4496-BB46-F8983722F18A}.Release|Any CPU.Build.0 = Release|Any CPU
		{3C292390-9DAF-4414-8F89-9AB4B2EBDEDD}.Debug|Any CPU.ActiveCfg = Debug|Any CPU
		{3C292390-9DAF-4414-8F89-9AB4B2EBDEDD}.Debug|Any CPU.Build.0 = Debug|Any CPU
		{3C292390-9DAF-4414-8F89-9AB4B2EBDEDD}.Release|Any CPU.ActiveCfg = Release|Any CPU
		{3C292390-9DAF-4414-8F89-9AB4B2EBDEDD}.Release|Any CPU.Build.0 = Release|Any CPU
		{7C92AC32-3F02-4F82-8919-7442EC2BC9D3}.Debug|Any CPU.ActiveCfg = Debug|Any CPU
		{7C92AC32-3F02-4F82-8919-7442EC2BC9D3}.Debug|Any CPU.Build.0 = Debug|Any CPU
		{7C92AC32-3F02-4F82-8919-7442EC2BC9D3}.Release|Any CPU.ActiveCfg = Release|Any CPU
		{7C92AC32-3F02-4F82-8919-7442EC2BC9D3}.Release|Any CPU.Build.0 = Release|Any CPU
		{3A608FED-941E-4625-847B-B033A6DE710C}.Debug|Any CPU.ActiveCfg = Debug|Any CPU
		{3A608FED-941E-4625-847B-B033A6DE710C}.Debug|Any CPU.Build.0 = Debug|Any CPU
		{3A608FED-941E-4625-847B-B033A6DE710C}.Release|Any CPU.ActiveCfg = Release|Any CPU
		{3A608FED-941E-4625-847B-B033A6DE710C}.Release|Any CPU.Build.0 = Release|Any CPU
	EndGlobalSection
	GlobalSection(SolutionProperties) = preSolution
		HideSolutionNode = FALSE
	EndGlobalSection
	GlobalSection(ExtensibilityGlobals) = postSolution
		SolutionGuid = {2A15B2A4-1D67-455B-B9C2-87C9C00919FD}
	EndGlobalSection
EndGlobal
